
Microsoft Visual Studio Solution File, Format Version 12.00
# Visual Studio Version 16
VisualStudioVersion = 16.0.30611.23
MinimumVisualStudioVersion = 10.0.40219.1
Project("{FAE04EC0-301F-11D3-BF4B-00C04F79EFBC}") = "Studio 6", "Studio 6\Studio 6.csproj", "{A5E5E901-CA99-499C-894F-3D2D0A02CDC7}"
EndProject
Global
	GlobalSection(SolutionConfigurationPlatforms) = preSolution
		Debug|Any CPU = Debug|Any CPU
		Release|Any CPU = Release|Any CPU
	EndGlobalSection
	GlobalSection(ProjectConfigurationPlatforms) = postSolution
		{A5E5E901-CA99-499C-894F-3D2D0A02CDC7}.Debug|Any CPU.ActiveCfg = Debug|Any CPU
		{A5E5E901-CA99-499C-894F-3D2D0A02CDC7}.Debug|Any CPU.Build.0 = Debug|Any CPU
		{A5E5E901-CA99-499C-894F-3D2D0A02CDC7}.Release|Any CPU.ActiveCfg = Release|Any CPU
		{A5E5E901-CA99-499C-894F-3D2D0A02CDC7}.Release|Any CPU.Build.0 = Release|Any CPU
	EndGlobalSection
	GlobalSection(SolutionProperties) = preSolution
		HideSolutionNode = FALSE
	EndGlobalSection
	GlobalSection(ExtensibilityGlobals) = postSolution
		SolutionGuid = {60D426D9-F23E-4218-944C-3DFDCAA6C010}
	EndGlobalSection
EndGlobal
